
Microsoft Visual Studio Solution File, Format Version 12.00
# Visual Studio Version 17
VisualStudioVersion = 17.8.34330.188
MinimumVisualStudioVersion = 10.0.40219.1
Project("{9A19103F-16F7-4668-BE54-9A1E7A4F7556}") = "TechTrack.Blazor", "TechTrack\TechTrack\TechTrack.Blazor.csproj", "{B2AC97DD-E938-4F64-B25E-3DE40F5D0D43}"
EndProject
Project("{9A19103F-16F7-4668-BE54-9A1E7A4F7556}") = "TechTrack.Blazor.Client", "TechTrack\TechTrack.Client\TechTrack.Blazor.Client.csproj", "{3385CA14-1088-4BF0-8947-48FB64E90B32}"
EndProject
Project("{9A19103F-16F7-4668-BE54-9A1E7A4F7556}") = "TechTrack.Domain", "TechTrack.Domain\TechTrack.Domain.csproj", "{8DA605F8-F984-407E-92CE-23DC389C45C4}"
EndProject
Project("{9A19103F-16F7-4668-BE54-9A1E7A4F7556}") = "TechTrack.Infrastructure", "TechTrack.Infrastructure\TechTrack.Infrastructure.csproj", "{B97D68E6-2361-477A-A4CA-A3DDDF48D70A}"
EndProject
Project("{9A19103F-16F7-4668-BE54-9A1E7A4F7556}") = "TechTrack.Application", "TechTrack.Application\TechTrack.Application.csproj", "{DE8E1D3F-2D02-4B8A-B9CC-C7666445443F}"
EndProject
Project("{9A19103F-16F7-4668-BE54-9A1E7A4F7556}") = "TechTrack.Api", "TechTrack.Api\TechTrack.Api.csproj", "{74A0EDF2-230A-4855-AD37-5DA9BF5E57E6}"
EndProject
Project("{9A19103F-16F7-4668-BE54-9A1E7A4F7556}") = "TechTrack.Persistence", "TechTrack.Persistence\TechTrack.Persistence.csproj", "{CA232B33-B2A3-4D63-BDF0-4162B5B8BFCB}"
EndProject
Project("{2150E333-8FDC-42A3-9474-1A3956D46DE8}") = "src", "src", "{668BFFC9-DCA7-4621-8E60-229396126921}"
EndProject
Project("{2150E333-8FDC-42A3-9474-1A3956D46DE8}") = "tests", "tests", "{C012A772-44DC-4581-A799-4DB77FE3599B}"
EndProject
Project("{FAE04EC0-301F-11D3-BF4B-00C04F79EFBC}") = "TechTrack.UnitTests", "TechTrack.UnitTests\TechTrack.UnitTests.csproj", "{2C706088-E299-4A63-AC5E-99CDFBFD3036}"
EndProject
Global
	GlobalSection(SolutionConfigurationPlatforms) = preSolution
		Debug|Any CPU = Debug|Any CPU
		Release|Any CPU = Release|Any CPU
	EndGlobalSection
	GlobalSection(ProjectConfigurationPlatforms) = postSolution
		{B2AC97DD-E938-4F64-B25E-3DE40F5D0D43}.Debug|Any CPU.ActiveCfg = Debug|Any CPU
		{B2AC97DD-E938-4F64-B25E-3DE40F5D0D43}.Debug|Any CPU.Build.0 = Debug|Any CPU
		{B2AC97DD-E938-4F64-B25E-3DE40F5D0D43}.Release|Any CPU.ActiveCfg = Release|Any CPU
		{B2AC97DD-E938-4F64-B25E-3DE40F5D0D43}.Release|Any CPU.Build.0 = Release|Any CPU
		{3385CA14-1088-4BF0-8947-48FB64E90B32}.Debug|Any CPU.ActiveCfg = Debug|Any CPU
		{3385CA14-1088-4BF0-8947-48FB64E90B32}.Debug|Any CPU.Build.0 = Debug|Any CPU
		{3385CA14-1088-4BF0-8947-48FB64E90B32}.Release|Any CPU.ActiveCfg = Release|Any CPU
		{3385CA14-1088-4BF0-8947-48FB64E90B32}.Release|Any CPU.Build.0 = Release|Any CPU
		{8DA605F8-F984-407E-92CE-23DC389C45C4}.Debug|Any CPU.ActiveCfg = Debug|Any CPU
		{8DA605F8-F984-407E-92CE-23DC389C45C4}.Debug|Any CPU.Build.0 = Debug|Any CPU
		{8DA605F8-F984-407E-92CE-23DC389C45C4}.Release|Any CPU.ActiveCfg = Release|Any CPU
		{8DA605F8-F984-407E-92CE-23DC389C45C4}.Release|Any CPU.Build.0 = Release|Any CPU
		{B97D68E6-2361-477A-A4CA-A3DDDF48D70A}.Debug|Any CPU.ActiveCfg = Debug|Any CPU
		{B97D68E6-2361-477A-A4CA-A3DDDF48D70A}.Debug|Any CPU.Build.0 = Debug|Any CPU
		{B97D68E6-2361-477A-A4CA-A3DDDF48D70A}.Release|Any CPU.ActiveCfg = Release|Any CPU
		{B97D68E6-2361-477A-A4CA-A3DDDF48D70A}.Release|Any CPU.Build.0 = Release|Any CPU
		{DE8E1D3F-2D02-4B8A-B9CC-C7666445443F}.Debug|Any CPU.ActiveCfg = Debug|Any CPU
		{DE8E1D3F-2D02-4B8A-B9CC-C7666445443F}.Debug|Any CPU.Build.0 = Debug|Any CPU
		{DE8E1D3F-2D02-4B8A-B9CC-C7666445443F}.Release|Any CPU.ActiveCfg = Release|Any CPU
		{DE8E1D3F-2D02-4B8A-B9CC-C7666445443F}.Release|Any CPU.Build.0 = Release|Any CPU
		{74A0EDF2-230A-4855-AD37-5DA9BF5E57E6}.Debug|Any CPU.ActiveCfg = Debug|Any CPU
		{74A0EDF2-230A-4855-AD37-5DA9BF5E57E6}.Debug|Any CPU.Build.0 = Debug|Any CPU
		{74A0EDF2-230A-4855-AD37-5DA9BF5E57E6}.Release|Any CPU.ActiveCfg = Release|Any CPU
		{74A0EDF2-230A-4855-AD37-5DA9BF5E57E6}.Release|Any CPU.Build.0 = Release|Any CPU
		{CA232B33-B2A3-4D63-BDF0-4162B5B8BFCB}.Debug|Any CPU.ActiveCfg = Debug|Any CPU
		{CA232B33-B2A3-4D63-BDF0-4162B5B8BFCB}.Debug|Any CPU.Build.0 = Debug|Any CPU
		{CA232B33-B2A3-4D63-BDF0-4162B5B8BFCB}.Release|Any CPU.ActiveCfg = Release|Any CPU
		{CA232B33-B2A3-4D63-BDF0-4162B5B8BFCB}.Release|Any CPU.Build.0 = Release|Any CPU
		{2C706088-E299-4A63-AC5E-99CDFBFD3036}.Debug|Any CPU.ActiveCfg = Debug|Any CPU
		{2C706088-E299-4A63-AC5E-99CDFBFD3036}.Debug|Any CPU.Build.0 = Debug|Any CPU
		{2C706088-E299-4A63-AC5E-99CDFBFD3036}.Release|Any CPU.ActiveCfg = Release|Any CPU
		{2C706088-E299-4A63-AC5E-99CDFBFD3036}.Release|Any CPU.Build.0 = Release|Any CPU
	EndGlobalSection
	GlobalSection(SolutionProperties) = preSolution
		HideSolutionNode = FALSE
	EndGlobalSection
	GlobalSection(NestedProjects) = preSolution
		{B2AC97DD-E938-4F64-B25E-3DE40F5D0D43} = {668BFFC9-DCA7-4621-8E60-229396126921}
		{3385CA14-1088-4BF0-8947-48FB64E90B32} = {668BFFC9-DCA7-4621-8E60-229396126921}
		{8DA605F8-F984-407E-92CE-23DC389C45C4} = {668BFFC9-DCA7-4621-8E60-229396126921}
		{B97D68E6-2361-477A-A4CA-A3DDDF48D70A} = {668BFFC9-DCA7-4621-8E60-229396126921}
		{DE8E1D3F-2D02-4B8A-B9CC-C7666445443F} = {668BFFC9-DCA7-4621-8E60-229396126921}
		{74A0EDF2-230A-4855-AD37-5DA9BF5E57E6} = {668BFFC9-DCA7-4621-8E60-229396126921}
		{CA232B33-B2A3-4D63-BDF0-4162B5B8BFCB} = {668BFFC9-DCA7-4621-8E60-229396126921}
		{2C706088-E299-4A63-AC5E-99CDFBFD3036} = {C012A772-44DC-4581-A799-4DB77FE3599B}
	EndGlobalSection
	GlobalSection(ExtensibilityGlobals) = postSolution
		SolutionGuid = {B3ACA3D2-3ED9-4FCD-9EEC-68DE7734A69C}
	EndGlobalSection
EndGlobal
